
Microsoft Visual Studio Solution File, Format Version 12.00
# Visual Studio Version 17
VisualStudioVersion = 17.6.33801.468
MinimumVisualStudioVersion = 10.0.40219.1
Project("{FAE04EC0-301F-11D3-BF4B-00C04F79EFBC}") = "BusStation", "BusStation\BusStation.csproj", "{3A611523-6716-4A65-A135-F8BEC0A52239}"
EndProject
Global
	GlobalSection(SolutionConfigurationPlatforms) = preSolution
		Debug|Any CPU = Debug|Any CPU
		Release|Any CPU = Release|Any CPU
	EndGlobalSection
	GlobalSection(ProjectConfigurationPlatforms) = postSolution
		{3A611523-6716-4A65-A135-F8BEC0A52239}.Debug|Any CPU.ActiveCfg = Debug|Any CPU
		{3A611523-6716-4A65-A135-F8BEC0A52239}.Debug|Any CPU.Build.0 = Debug|Any CPU
		{3A611523-6716-4A65-A135-F8BEC0A52239}.Release|Any CPU.ActiveCfg = Release|Any CPU
		{3A611523-6716-4A65-A135-F8BEC0A52239}.Release|Any CPU.Build.0 = Release|Any CPU
	EndGlobalSection
	GlobalSection(SolutionProperties) = preSolution
		HideSolutionNode = FALSE
	EndGlobalSection
	GlobalSection(ExtensibilityGlobals) = postSolution
		SolutionGuid = {8B392B88-274B-4995-ADE8-74E2F72B5D5E}
	EndGlobalSection
EndGlobal
