
Microsoft Visual Studio Solution File, Format Version 12.00
# Visual Studio Version 17
VisualStudioVersion = 17.5.33627.172
MinimumVisualStudioVersion = 10.0.40219.1
Project("{9A19103F-16F7-4668-BE54-9A1E7A4F7556}") = "01. Chronometer", "01. Chronometer\01. Chronometer.csproj", "{2CF33DD7-7A99-450D-9A2A-E58158A858D9}"
EndProject
Project("{FAE04EC0-301F-11D3-BF4B-00C04F79EFBC}") = "Even Numbers", "Even Numbers\Even Numbers.csproj", "{65834CE5-1DC8-4023-B0ED-8A1D347692B3}"
EndProject
Project("{FAE04EC0-301F-11D3-BF4B-00C04F79EFBC}") = "Sum Evens In Range", "Sum Evens In Range\Sum Evens In Range.csproj", "{1B38F9E0-C9AB-4DFE-BD80-D7653F3D3D06}"
EndProject
Project("{FAE04EC0-301F-11D3-BF4B-00C04F79EFBC}") = "Sum Evens In Background", "Sum Evens In Background\Sum Evens In Background.csproj", "{F51CE0AE-70C4-433F-B50A-A7D16D2D865A}"
EndProject
Project("{FAE04EC0-301F-11D3-BF4B-00C04F79EFBC}") = "02. Parallel MergeSort", "02. Parallel MergeSort\02. Parallel MergeSort.csproj", "{4ED21BEC-A530-46E1-B2CC-4A6EBA986FAE}"
EndProject
Global
	GlobalSection(SolutionConfigurationPlatforms) = preSolution
		Debug|Any CPU = Debug|Any CPU
		Release|Any CPU = Release|Any CPU
	EndGlobalSection
	GlobalSection(ProjectConfigurationPlatforms) = postSolution
		{2CF33DD7-7A99-450D-9A2A-E58158A858D9}.Debug|Any CPU.ActiveCfg = Debug|Any CPU
		{2CF33DD7-7A99-450D-9A2A-E58158A858D9}.Debug|Any CPU.Build.0 = Debug|Any CPU
		{2CF33DD7-7A99-450D-9A2A-E58158A858D9}.Release|Any CPU.ActiveCfg = Release|Any CPU
		{2CF33DD7-7A99-450D-9A2A-E58158A858D9}.Release|Any CPU.Build.0 = Release|Any CPU
		{65834CE5-1DC8-4023-B0ED-8A1D347692B3}.Debug|Any CPU.ActiveCfg = Debug|Any CPU
		{65834CE5-1DC8-4023-B0ED-8A1D347692B3}.Debug|Any CPU.Build.0 = Debug|Any CPU
		{65834CE5-1DC8-4023-B0ED-8A1D347692B3}.Release|Any CPU.ActiveCfg = Release|Any CPU
		{65834CE5-1DC8-4023-B0ED-8A1D347692B3}.Release|Any CPU.Build.0 = Release|Any CPU
		{1B38F9E0-C9AB-4DFE-BD80-D7653F3D3D06}.Debug|Any CPU.ActiveCfg = Debug|Any CPU
		{1B38F9E0-C9AB-4DFE-BD80-D7653F3D3D06}.Debug|Any CPU.Build.0 = Debug|Any CPU
		{1B38F9E0-C9AB-4DFE-BD80-D7653F3D3D06}.Release|Any CPU.ActiveCfg = Release|Any CPU
		{1B38F9E0-C9AB-4DFE-BD80-D7653F3D3D06}.Release|Any CPU.Build.0 = Release|Any CPU
		{F51CE0AE-70C4-433F-B50A-A7D16D2D865A}.Debug|Any CPU.ActiveCfg = Debug|Any CPU
		{F51CE0AE-70C4-433F-B50A-A7D16D2D865A}.Debug|Any CPU.Build.0 = Debug|Any CPU
		{F51CE0AE-70C4-433F-B50A-A7D16D2D865A}.Release|Any CPU.ActiveCfg = Release|Any CPU
		{F51CE0AE-70C4-433F-B50A-A7D16D2D865A}.Release|Any CPU.Build.0 = Release|Any CPU
		{4ED21BEC-A530-46E1-B2CC-4A6EBA986FAE}.Debug|Any CPU.ActiveCfg = Debug|Any CPU
		{4ED21BEC-A530-46E1-B2CC-4A6EBA986FAE}.Debug|Any CPU.Build.0 = Debug|Any CPU
		{4ED21BEC-A530-46E1-B2CC-4A6EBA986FAE}.Release|Any CPU.ActiveCfg = Release|Any CPU
		{4ED21BEC-A530-46E1-B2CC-4A6EBA986FAE}.Release|Any CPU.Build.0 = Release|Any CPU
	EndGlobalSection
	GlobalSection(SolutionProperties) = preSolution
		HideSolutionNode = FALSE
	EndGlobalSection
	GlobalSection(ExtensibilityGlobals) = postSolution
		SolutionGuid = {86F54B1B-91CB-4579-A4B9-D480D9E56D7C}
	EndGlobalSection
EndGlobal
